
Microsoft Visual Studio Solution File, Format Version 12.00
# Visual Studio Version 17
VisualStudioVersion = 17.2.32602.215
MinimumVisualStudioVersion = 10.0.40219.1
Project("{FAE04EC0-301F-11D3-BF4B-00C04F79EFBC}") = "WpfApp2", "WpfApp2.csproj", "{BCAF1E5C-0DE5-4044-AE0B-FEAA327BD19F}"
EndProject
Global
	GlobalSection(SolutionConfigurationPlatforms) = preSolution
		Debug|Any CPU = Debug|Any CPU
		Release|Any CPU = Release|Any CPU
	EndGlobalSection
	GlobalSection(ProjectConfigurationPlatforms) = postSolution
		{BCAF1E5C-0DE5-4044-AE0B-FEAA327BD19F}.Debug|Any CPU.ActiveCfg = Debug|Any CPU
		{BCAF1E5C-0DE5-4044-AE0B-FEAA327BD19F}.Debug|Any CPU.Build.0 = Debug|Any CPU
		{BCAF1E5C-0DE5-4044-AE0B-FEAA327BD19F}.Release|Any CPU.ActiveCfg = Release|Any CPU
		{BCAF1E5C-0DE5-4044-AE0B-FEAA327BD19F}.Release|Any CPU.Build.0 = Release|Any CPU
	EndGlobalSection
	GlobalSection(SolutionProperties) = preSolution
		HideSolutionNode = FALSE
	EndGlobalSection
	GlobalSection(ExtensibilityGlobals) = postSolution
		SolutionGuid = {4D0E1C51-37D3-484A-8347-9FBE5770D3F9}
	EndGlobalSection
EndGlobal
